
Microsoft Visual Studio Solution File, Format Version 12.00
# Visual Studio Version 17
VisualStudioVersion = 17.11.35303.130
MinimumVisualStudioVersion = 10.0.40219.1
Project("{FAE04EC0-301F-11D3-BF4B-00C04F79EFBC}") = "Project2BurgerMenu", "Project2BurgerMenu\Project2BurgerMenu.csproj", "{F1764B0D-8AD6-4C53-B575-3872344C82DC}"
EndProject
Global
	GlobalSection(SolutionConfigurationPlatforms) = preSolution
		Debug|Any CPU = Debug|Any CPU
		Release|Any CPU = Release|Any CPU
	EndGlobalSection
	GlobalSection(ProjectConfigurationPlatforms) = postSolution
		{F1764B0D-8AD6-4C53-B575-3872344C82DC}.Debug|Any CPU.ActiveCfg = Debug|Any CPU
		{F1764B0D-8AD6-4C53-B575-3872344C82DC}.Debug|Any CPU.Build.0 = Debug|Any CPU
		{F1764B0D-8AD6-4C53-B575-3872344C82DC}.Release|Any CPU.ActiveCfg = Release|Any CPU
		{F1764B0D-8AD6-4C53-B575-3872344C82DC}.Release|Any CPU.Build.0 = Release|Any CPU
	EndGlobalSection
	GlobalSection(SolutionProperties) = preSolution
		HideSolutionNode = FALSE
	EndGlobalSection
	GlobalSection(ExtensibilityGlobals) = postSolution
		SolutionGuid = {519A670D-1410-4E37-9BDA-F9B62E41CC2B}
	EndGlobalSection
EndGlobal
